
Microsoft Visual Studio Solution File, Format Version 12.00
# Visual Studio Version 16
VisualStudioVersion = 16.0.31613.86
MinimumVisualStudioVersion = 10.0.40219.1
Project("{FAE04EC0-301F-11D3-BF4B-00C04F79EFBC}") = "BestBuyBestPractices", "BestBuyBestPractices\BestBuyBestPractices.csproj", "{4BF346F5-C544-49B0-820D-73E10EF30312}"
EndProject
Global
	GlobalSection(SolutionConfigurationPlatforms) = preSolution
		Debug|Any CPU = Debug|Any CPU
		Release|Any CPU = Release|Any CPU
	EndGlobalSection
	GlobalSection(ProjectConfigurationPlatforms) = postSolution
		{4BF346F5-C544-49B0-820D-73E10EF30312}.Debug|Any CPU.ActiveCfg = Debug|Any CPU
		{4BF346F5-C544-49B0-820D-73E10EF30312}.Debug|Any CPU.Build.0 = Debug|Any CPU
		{4BF346F5-C544-49B0-820D-73E10EF30312}.Release|Any CPU.ActiveCfg = Release|Any CPU
		{4BF346F5-C544-49B0-820D-73E10EF30312}.Release|Any CPU.Build.0 = Release|Any CPU
	EndGlobalSection
	GlobalSection(SolutionProperties) = preSolution
		HideSolutionNode = FALSE
	EndGlobalSection
	GlobalSection(ExtensibilityGlobals) = postSolution
		SolutionGuid = {44470A21-D5E9-413A-8689-33DE197CD2D0}
	EndGlobalSection
EndGlobal
